// !$*UTF8*$!
{
	archiveVersion = 1;
	classes = {
	};
	objectVersion = 56;
	objects = {

/* Begin PBXBuildFile section */
		9719946D2CDF65F400D543E9 /* JamitdamApp.swift in Sources */ = {isa = PBXBuildFile; fileRef = 9719946C2CDF65F400D543E9 /* JamitdamApp.swift */; };
		9719946F2CDF65F400D543E9 /* ContentView.swift in Sources */ = {isa = PBXBuildFile; fileRef = 9719946E2CDF65F400D543E9 /* ContentView.swift */; };
		971994712CDF65F500D543E9 /* Assets.xcassets in Resources */ = {isa = PBXBuildFile; fileRef = 971994702CDF65F500D543E9 /* Assets.xcassets */; };
		971994742CDF65F500D543E9 /* Preview Assets.xcassets in Resources */ = {isa = PBXBuildFile; fileRef = 971994732CDF65F500D543E9 /* Preview Assets.xcassets */; };
		9719947E2CDF65F500D543E9 /* JamitdamTests.swift in Sources */ = {isa = PBXBuildFile; fileRef = 9719947D2CDF65F500D543E9 /* JamitdamTests.swift */; };
		971994882CDF65F500D543E9 /* JamitdamUITests.swift in Sources */ = {isa = PBXBuildFile; fileRef = 971994872CDF65F500D543E9 /* JamitdamUITests.swift */; };
		9719948A2CDF65F500D543E9 /* JamitdamUITestsLaunchTests.swift in Sources */ = {isa = PBXBuildFile; fileRef = 971994892CDF65F500D543E9 /* JamitdamUITestsLaunchTests.swift */; };
		971994A52CDF66B800D543E9 /* RedButtonComponent.swift in Sources */ = {isa = PBXBuildFile; fileRef = 971994972CDF66B800D543E9 /* RedButtonComponent.swift */; };
		971994A62CDF66B800D543E9 /* TopBar.swift in Sources */ = {isa = PBXBuildFile; fileRef = 971994982CDF66B800D543E9 /* TopBar.swift */; };
		971994A72CDF66B800D543E9 /* CreateJamView.swift in Sources */ = {isa = PBXBuildFile; fileRef = 9719949A2CDF66B800D543E9 /* CreateJamView.swift */; };
		971994A82CDF66B800D543E9 /* AddFriendView.swift in Sources */ = {isa = PBXBuildFile; fileRef = 9719949C2CDF66B800D543E9 /* AddFriendView.swift */; };
		971994A92CDF66B800D543E9 /* BlockedFriendListView.swift in Sources */ = {isa = PBXBuildFile; fileRef = 9719949D2CDF66B800D543E9 /* BlockedFriendListView.swift */; };
		971994AA2CDF66B800D543E9 /* FriendListView.swift in Sources */ = {isa = PBXBuildFile; fileRef = 9719949E2CDF66B800D543E9 /* FriendListView.swift */; };
		971994AB2CDF66B800D543E9 /* Post.swift in Sources */ = {isa = PBXBuildFile; fileRef = 971994A12CDF66B800D543E9 /* Post.swift */; };
		971994AC2CDF66B800D543E9 /* Relationship.swift in Sources */ = {isa = PBXBuildFile; fileRef = 971994A22CDF66B800D543E9 /* Relationship.swift */; };
		971994AD2CDF66B800D543E9 /* User.swift in Sources */ = {isa = PBXBuildFile; fileRef = 971994A32CDF66B800D543E9 /* User.swift */; };
/* End PBXBuildFile section */

/* Begin PBXContainerItemProxy section */
		9719947A2CDF65F500D543E9 /* PBXContainerItemProxy */ = {
			isa = PBXContainerItemProxy;
			containerPortal = 971994612CDF65F400D543E9 /* Project object */;
			proxyType = 1;
			remoteGlobalIDString = 971994682CDF65F400D543E9;
			remoteInfo = Jamitdam;
		};
		971994842CDF65F500D543E9 /* PBXContainerItemProxy */ = {
			isa = PBXContainerItemProxy;
			containerPortal = 971994612CDF65F400D543E9 /* Project object */;
			proxyType = 1;
			remoteGlobalIDString = 971994682CDF65F400D543E9;
			remoteInfo = Jamitdam;
		};
/* End PBXContainerItemProxy section */

/* Begin PBXFileReference section */
		971994692CDF65F400D543E9 /* Jamitdam.app */ = {isa = PBXFileReference; explicitFileType = wrapper.application; includeInIndex = 0; path = Jamitdam.app; sourceTree = BUILT_PRODUCTS_DIR; };
		9719946C2CDF65F400D543E9 /* JamitdamApp.swift */ = {isa = PBXFileReference; lastKnownFileType = sourcecode.swift; path = JamitdamApp.swift; sourceTree = "<group>"; };
		9719946E2CDF65F400D543E9 /* ContentView.swift */ = {isa = PBXFileReference; lastKnownFileType = sourcecode.swift; path = ContentView.swift; sourceTree = "<group>"; };
		971994702CDF65F500D543E9 /* Assets.xcassets */ = {isa = PBXFileReference; lastKnownFileType = folder.assetcatalog; path = Assets.xcassets; sourceTree = "<group>"; };
		971994732CDF65F500D543E9 /* Preview Assets.xcassets */ = {isa = PBXFileReference; lastKnownFileType = folder.assetcatalog; path = "Preview Assets.xcassets"; sourceTree = "<group>"; };
		971994792CDF65F500D543E9 /* JamitdamTests.xctest */ = {isa = PBXFileReference; explicitFileType = wrapper.cfbundle; includeInIndex = 0; path = JamitdamTests.xctest; sourceTree = BUILT_PRODUCTS_DIR; };
		9719947D2CDF65F500D543E9 /* JamitdamTests.swift */ = {isa = PBXFileReference; lastKnownFileType = sourcecode.swift; path = JamitdamTests.swift; sourceTree = "<group>"; };
		971994832CDF65F500D543E9 /* JamitdamUITests.xctest */ = {isa = PBXFileReference; explicitFileType = wrapper.cfbundle; includeInIndex = 0; path = JamitdamUITests.xctest; sourceTree = BUILT_PRODUCTS_DIR; };
		971994872CDF65F500D543E9 /* JamitdamUITests.swift */ = {isa = PBXFileReference; lastKnownFileType = sourcecode.swift; path = JamitdamUITests.swift; sourceTree = "<group>"; };
		971994892CDF65F500D543E9 /* JamitdamUITestsLaunchTests.swift */ = {isa = PBXFileReference; lastKnownFileType = sourcecode.swift; path = JamitdamUITestsLaunchTests.swift; sourceTree = "<group>"; };
		971994972CDF66B800D543E9 /* RedButtonComponent.swift */ = {isa = PBXFileReference; fileEncoding = 4; lastKnownFileType = sourcecode.swift; path = RedButtonComponent.swift; sourceTree = "<group>"; };
		971994982CDF66B800D543E9 /* TopBar.swift */ = {isa = PBXFileReference; fileEncoding = 4; lastKnownFileType = sourcecode.swift; path = TopBar.swift; sourceTree = "<group>"; };
		9719949A2CDF66B800D543E9 /* CreateJamView.swift */ = {isa = PBXFileReference; fileEncoding = 4; lastKnownFileType = sourcecode.swift; path = CreateJamView.swift; sourceTree = "<group>"; };
		9719949C2CDF66B800D543E9 /* AddFriendView.swift */ = {isa = PBXFileReference; fileEncoding = 4; lastKnownFileType = sourcecode.swift; path = AddFriendView.swift; sourceTree = "<group>"; };
		9719949D2CDF66B800D543E9 /* BlockedFriendListView.swift */ = {isa = PBXFileReference; fileEncoding = 4; lastKnownFileType = sourcecode.swift; path = BlockedFriendListView.swift; sourceTree = "<group>"; };
		9719949E2CDF66B800D543E9 /* FriendListView.swift */ = {isa = PBXFileReference; fileEncoding = 4; lastKnownFileType = sourcecode.swift; path = FriendListView.swift; sourceTree = "<group>"; };
		971994A12CDF66B800D543E9 /* Post.swift */ = {isa = PBXFileReference; fileEncoding = 4; lastKnownFileType = sourcecode.swift; path = Post.swift; sourceTree = "<group>"; };
		971994A22CDF66B800D543E9 /* Relationship.swift */ = {isa = PBXFileReference; fileEncoding = 4; lastKnownFileType = sourcecode.swift; path = Relationship.swift; sourceTree = "<group>"; };
		971994A32CDF66B800D543E9 /* User.swift */ = {isa = PBXFileReference; fileEncoding = 4; lastKnownFileType = sourcecode.swift; path = User.swift; sourceTree = "<group>"; };
/* End PBXFileReference section */

/* Begin PBXFrameworksBuildPhase section */
		971994662CDF65F400D543E9 /* Frameworks */ = {
			isa = PBXFrameworksBuildPhase;
			buildActionMask = 2147483647;
			files = (
			);
			runOnlyForDeploymentPostprocessing = 0;
		};
		971994762CDF65F500D543E9 /* Frameworks */ = {
			isa = PBXFrameworksBuildPhase;
			buildActionMask = 2147483647;
			files = (
			);
			runOnlyForDeploymentPostprocessing = 0;
		};
		971994802CDF65F500D543E9 /* Frameworks */ = {
			isa = PBXFrameworksBuildPhase;
			buildActionMask = 2147483647;
			files = (
			);
			runOnlyForDeploymentPostprocessing = 0;
		};
/* End PBXFrameworksBuildPhase section */

/* Begin PBXGroup section */
		971994602CDF65F400D543E9 = {
			isa = PBXGroup;
			children = (
				9719946B2CDF65F400D543E9 /* Jamitdam */,
				9719947C2CDF65F500D543E9 /* JamitdamTests */,
				971994862CDF65F500D543E9 /* JamitdamUITests */,
				9719946A2CDF65F400D543E9 /* Products */,
			);
			sourceTree = "<group>";
		};
		9719946A2CDF65F400D543E9 /* Products */ = {
			isa = PBXGroup;
			children = (
				971994692CDF65F400D543E9 /* Jamitdam.app */,
				971994792CDF65F500D543E9 /* JamitdamTests.xctest */,
				971994832CDF65F500D543E9 /* JamitdamUITests.xctest */,
			);
			name = Products;
			sourceTree = "<group>";
		};
		9719946B2CDF65F400D543E9 /* Jamitdam */ = {
			isa = PBXGroup;
			children = (
				971994A42CDF66B800D543E9 /* Model */,
				971994A02CDF66B800D543E9 /* View */,
				9719946C2CDF65F400D543E9 /* JamitdamApp.swift */,
				9719946E2CDF65F400D543E9 /* ContentView.swift */,
				971994702CDF65F500D543E9 /* Assets.xcassets */,
				971994722CDF65F500D543E9 /* Preview Content */,
			);
			path = Jamitdam;
			sourceTree = "<group>";
		};
		971994722CDF65F500D543E9 /* Preview Content */ = {
			isa = PBXGroup;
			children = (
				971994732CDF65F500D543E9 /* Preview Assets.xcassets */,
			);
			path = "Preview Content";
			sourceTree = "<group>";
		};
		9719947C2CDF65F500D543E9 /* JamitdamTests */ = {
			isa = PBXGroup;
			children = (
				9719947D2CDF65F500D543E9 /* JamitdamTests.swift */,
			);
			path = JamitdamTests;
			sourceTree = "<group>";
		};
		971994862CDF65F500D543E9 /* JamitdamUITests */ = {
			isa = PBXGroup;
			children = (
				971994872CDF65F500D543E9 /* JamitdamUITests.swift */,
				971994892CDF65F500D543E9 /* JamitdamUITestsLaunchTests.swift */,
			);
			path = JamitdamUITests;
			sourceTree = "<group>";
		};
		971994992CDF66B800D543E9 /* Component */ = {
			isa = PBXGroup;
			children = (
				971994972CDF66B800D543E9 /* RedButtonComponent.swift */,
				971994982CDF66B800D543E9 /* TopBar.swift */,
			);
			path = Component;
			sourceTree = "<group>";
		};
		9719949B2CDF66B800D543E9 /* CreateJamPage */ = {
			isa = PBXGroup;
			children = (
				9719949A2CDF66B800D543E9 /* CreateJamView.swift */,
			);
			path = CreateJamPage;
			sourceTree = "<group>";
		};
		9719949F2CDF66B800D543E9 /* MyPage */ = {
			isa = PBXGroup;
			children = (
				9719949C2CDF66B800D543E9 /* AddFriendView.swift */,
				9719949D2CDF66B800D543E9 /* BlockedFriendListView.swift */,
				9719949E2CDF66B800D543E9 /* FriendListView.swift */,
			);
			path = MyPage;
			sourceTree = "<group>";
		};
		971994A02CDF66B800D543E9 /* View */ = {
			isa = PBXGroup;
			children = (
				971994992CDF66B800D543E9 /* Component */,
				9719949B2CDF66B800D543E9 /* CreateJamPage */,
				9719949F2CDF66B800D543E9 /* MyPage */,
			);
			path = View;
			sourceTree = "<group>";
		};
		971994A42CDF66B800D543E9 /* Model */ = {
			isa = PBXGroup;
			children = (
				971994A12CDF66B800D543E9 /* Post.swift */,
				971994A22CDF66B800D543E9 /* Relationship.swift */,
				971994A32CDF66B800D543E9 /* User.swift */,
			);
			path = Model;
			sourceTree = "<group>";
		};
/* End PBXGroup section */

/* Begin PBXNativeTarget section */
		971994682CDF65F400D543E9 /* Jamitdam */ = {
			isa = PBXNativeTarget;
			buildConfigurationList = 9719948D2CDF65F600D543E9 /* Build configuration list for PBXNativeTarget "Jamitdam" */;
			buildPhases = (
				971994652CDF65F400D543E9 /* Sources */,
				971994662CDF65F400D543E9 /* Frameworks */,
				971994672CDF65F400D543E9 /* Resources */,
			);
			buildRules = (
			);
			dependencies = (
			);
			name = Jamitdam;
			productName = Jamitdam;
			productReference = 971994692CDF65F400D543E9 /* Jamitdam.app */;
			productType = "com.apple.product-type.application";
		};
		971994782CDF65F500D543E9 /* JamitdamTests */ = {
			isa = PBXNativeTarget;
			buildConfigurationList = 971994902CDF65F600D543E9 /* Build configuration list for PBXNativeTarget "JamitdamTests" */;
			buildPhases = (
				971994752CDF65F500D543E9 /* Sources */,
				971994762CDF65F500D543E9 /* Frameworks */,
				971994772CDF65F500D543E9 /* Resources */,
			);
			buildRules = (
			);
			dependencies = (
				9719947B2CDF65F500D543E9 /* PBXTargetDependency */,
			);
			name = JamitdamTests;
			productName = JamitdamTests;
			productReference = 971994792CDF65F500D543E9 /* JamitdamTests.xctest */;
			productType = "com.apple.product-type.bundle.unit-test";
		};
		971994822CDF65F500D543E9 /* JamitdamUITests */ = {
			isa = PBXNativeTarget;
			buildConfigurationList = 971994932CDF65F600D543E9 /* Build configuration list for PBXNativeTarget "JamitdamUITests" */;
			buildPhases = (
				9719947F2CDF65F500D543E9 /* Sources */,
				971994802CDF65F500D543E9 /* Frameworks */,
				971994812CDF65F500D543E9 /* Resources */,
			);
			buildRules = (
			);
			dependencies = (
				971994852CDF65F500D543E9 /* PBXTargetDependency */,
			);
			name = JamitdamUITests;
			productName = JamitdamUITests;
			productReference = 971994832CDF65F500D543E9 /* JamitdamUITests.xctest */;
			productType = "com.apple.product-type.bundle.ui-testing";
		};
/* End PBXNativeTarget section */

/* Begin PBXProject section */
		971994612CDF65F400D543E9 /* Project object */ = {
			isa = PBXProject;
			attributes = {
				BuildIndependentTargetsInParallel = 1;
				LastSwiftUpdateCheck = 1540;
				LastUpgradeCheck = 1540;
				TargetAttributes = {
					971994682CDF65F400D543E9 = {
						CreatedOnToolsVersion = 15.4;
					};
					971994782CDF65F500D543E9 = {
						CreatedOnToolsVersion = 15.4;
						TestTargetID = 971994682CDF65F400D543E9;
					};
					971994822CDF65F500D543E9 = {
						CreatedOnToolsVersion = 15.4;
						TestTargetID = 971994682CDF65F400D543E9;
					};
				};
			};
			buildConfigurationList = 971994642CDF65F400D543E9 /* Build configuration list for PBXProject "Jamitdam" */;
			compatibilityVersion = "Xcode 14.0";
			developmentRegion = en;
			hasScannedForEncodings = 0;
			knownRegions = (
				en,
				Base,
			);
			mainGroup = 971994602CDF65F400D543E9;
			productRefGroup = 9719946A2CDF65F400D543E9 /* Products */;
			projectDirPath = "";
			projectRoot = "";
			targets = (
				971994682CDF65F400D543E9 /* Jamitdam */,
				971994782CDF65F500D543E9 /* JamitdamTests */,
				971994822CDF65F500D543E9 /* JamitdamUITests */,
			);
		};
/* End PBXProject section */

/* Begin PBXResourcesBuildPhase section */
		971994672CDF65F400D543E9 /* Resources */ = {
			isa = PBXResourcesBuildPhase;
			buildActionMask = 2147483647;
			files = (
				971994742CDF65F500D543E9 /* Preview Assets.xcassets in Resources */,
				971994712CDF65F500D543E9 /* Assets.xcassets in Resources */,
			);
			runOnlyForDeploymentPostprocessing = 0;
		};
		971994772CDF65F500D543E9 /* Resources */ = {
			isa = PBXResourcesBuildPhase;
			buildActionMask = 2147483647;
			files = (
			);
			runOnlyForDeploymentPostprocessing = 0;
		};
		971994812CDF65F500D543E9 /* Resources */ = {
			isa = PBXResourcesBuildPhase;
			buildActionMask = 2147483647;
			files = (
			);
			runOnlyForDeploymentPostprocessing = 0;
		};
/* End PBXResourcesBuildPhase section */

/* Begin PBXSourcesBuildPhase section */
		971994652CDF65F400D543E9 /* Sources */ = {
			isa = PBXSourcesBuildPhase;
			buildActionMask = 2147483647;
			files = (
				971994A82CDF66B800D543E9 /* AddFriendView.swift in Sources */,
				971994A52CDF66B800D543E9 /* RedButtonComponent.swift in Sources */,
				971994A92CDF66B800D543E9 /* BlockedFriendListView.swift in Sources */,
				9719946F2CDF65F400D543E9 /* ContentView.swift in Sources */,
				9719946D2CDF65F400D543E9 /* JamitdamApp.swift in Sources */,
				971994AC2CDF66B800D543E9 /* Relationship.swift in Sources */,
				971994A62CDF66B800D543E9 /* TopBar.swift in Sources */,
				971994AB2CDF66B800D543E9 /* Post.swift in Sources */,
				971994AA2CDF66B800D543E9 /* FriendListView.swift in Sources */,
				971994A72CDF66B800D543E9 /* CreateJamView.swift in Sources */,
				971994AD2CDF66B800D543E9 /* User.swift in Sources */,
			);
			runOnlyForDeploymentPostprocessing = 0;
		};
		971994752CDF65F500D543E9 /* Sources */ = {
			isa = PBXSourcesBuildPhase;
			buildActionMask = 2147483647;
			files = (
				9719947E2CDF65F500D543E9 /* JamitdamTests.swift in Sources */,
			);
			runOnlyForDeploymentPostprocessing = 0;
		};
		9719947F2CDF65F500D543E9 /* Sources */ = {
			isa = PBXSourcesBuildPhase;
			buildActionMask = 2147483647;
			files = (
				9719948A2CDF65F500D543E9 /* JamitdamUITestsLaunchTests.swift in Sources */,
				971994882CDF65F500D543E9 /* JamitdamUITests.swift in Sources */,
			);
			runOnlyForDeploymentPostprocessing = 0;
		};
/* End PBXSourcesBuildPhase section */

/* Begin PBXTargetDependency section */
		9719947B2CDF65F500D543E9 /* PBXTargetDependency */ = {
			isa = PBXTargetDependency;
			target = 971994682CDF65F400D543E9 /* Jamitdam */;
			targetProxy = 9719947A2CDF65F500D543E9 /* PBXContainerItemProxy */;
		};
		971994852CDF65F500D543E9 /* PBXTargetDependency */ = {
			isa = PBXTargetDependency;
			target = 971994682CDF65F400D543E9 /* Jamitdam */;
			targetProxy = 971994842CDF65F500D543E9 /* PBXContainerItemProxy */;
		};
/* End PBXTargetDependency section */

/* Begin XCBuildConfiguration section */
		9719948B2CDF65F600D543E9 /* Debug */ = {
			isa = XCBuildConfiguration;
			buildSettings = {
				ALWAYS_SEARCH_USER_PATHS = NO;
				ASSETCATALOG_COMPILER_GENERATE_SWIFT_ASSET_SYMBOL_EXTENSIONS = YES;
				CLANG_ANALYZER_NONNULL = YES;
				CLANG_ANALYZER_NUMBER_OBJECT_CONVERSION = YES_AGGRESSIVE;
				CLANG_CXX_LANGUAGE_STANDARD = "gnu++20";
				CLANG_ENABLE_MODULES = YES;
				CLANG_ENABLE_OBJC_ARC = YES;
				CLANG_ENABLE_OBJC_WEAK = YES;
				CLANG_WARN_BLOCK_CAPTURE_AUTORELEASING = YES;
				CLANG_WARN_BOOL_CONVERSION = YES;
				CLANG_WARN_COMMA = YES;
				CLANG_WARN_CONSTANT_CONVERSION = YES;
				CLANG_WARN_DEPRECATED_OBJC_IMPLEMENTATIONS = YES;
				CLANG_WARN_DIRECT_OBJC_ISA_USAGE = YES_ERROR;
				CLANG_WARN_DOCUMENTATION_COMMENTS = YES;
				CLANG_WARN_EMPTY_BODY = YES;
				CLANG_WARN_ENUM_CONVERSION = YES;
				CLANG_WARN_INFINITE_RECURSION = YES;
				CLANG_WARN_INT_CONVERSION = YES;
				CLANG_WARN_NON_LITERAL_NULL_CONVERSION = YES;
				CLANG_WARN_OBJC_IMPLICIT_RETAIN_SELF = YES;
				CLANG_WARN_OBJC_LITERAL_CONVERSION = YES;
				CLANG_WARN_OBJC_ROOT_CLASS = YES_ERROR;
				CLANG_WARN_QUOTED_INCLUDE_IN_FRAMEWORK_HEADER = YES;
				CLANG_WARN_RANGE_LOOP_ANALYSIS = YES;
				CLANG_WARN_STRICT_PROTOTYPES = YES;
				CLANG_WARN_SUSPICIOUS_MOVE = YES;
				CLANG_WARN_UNGUARDED_AVAILABILITY = YES_AGGRESSIVE;
				CLANG_WARN_UNREACHABLE_CODE = YES;
				CLANG_WARN__DUPLICATE_METHOD_MATCH = YES;
				COPY_PHASE_STRIP = NO;
				DEBUG_INFORMATION_FORMAT = dwarf;
				ENABLE_STRICT_OBJC_MSGSEND = YES;
				ENABLE_TESTABILITY = YES;
				ENABLE_USER_SCRIPT_SANDBOXING = YES;
				GCC_C_LANGUAGE_STANDARD = gnu17;
				GCC_DYNAMIC_NO_PIC = NO;
				GCC_NO_COMMON_BLOCKS = YES;
				GCC_OPTIMIZATION_LEVEL = 0;
				GCC_PREPROCESSOR_DEFINITIONS = (
					"DEBUG=1",
					"$(inherited)",
				);
				GCC_WARN_64_TO_32_BIT_CONVERSION = YES;
				GCC_WARN_ABOUT_RETURN_TYPE = YES_ERROR;
				GCC_WARN_UNDECLARED_SELECTOR = YES;
				GCC_WARN_UNINITIALIZED_AUTOS = YES_AGGRESSIVE;
				GCC_WARN_UNUSED_FUNCTION = YES;
				GCC_WARN_UNUSED_VARIABLE = YES;
				IPHONEOS_DEPLOYMENT_TARGET = 17.5;
				LOCALIZATION_PREFERS_STRING_CATALOGS = YES;
				MTL_ENABLE_DEBUG_INFO = INCLUDE_SOURCE;
				MTL_FAST_MATH = YES;
				ONLY_ACTIVE_ARCH = YES;
				SDKROOT = iphoneos;
				SWIFT_ACTIVE_COMPILATION_CONDITIONS = "DEBUG $(inherited)";
				SWIFT_OPTIMIZATION_LEVEL = "-Onone";
			};
			name = Debug;
		};
		9719948C2CDF65F600D543E9 /* Release */ = {
			isa = XCBuildConfiguration;
			buildSettings = {
				ALWAYS_SEARCH_USER_PATHS = NO;
				ASSETCATALOG_COMPILER_GENERATE_SWIFT_ASSET_SYMBOL_EXTENSIONS = YES;
				CLANG_ANALYZER_NONNULL = YES;
				CLANG_ANALYZER_NUMBER_OBJECT_CONVERSION = YES_AGGRESSIVE;
				CLANG_CXX_LANGUAGE_STANDARD = "gnu++20";
				CLANG_ENABLE_MODULES = YES;
				CLANG_ENABLE_OBJC_ARC = YES;
				CLANG_ENABLE_OBJC_WEAK = YES;
				CLANG_WARN_BLOCK_CAPTURE_AUTORELEASING = YES;
				CLANG_WARN_BOOL_CONVERSION = YES;
				CLANG_WARN_COMMA = YES;
				CLANG_WARN_CONSTANT_CONVERSION = YES;
				CLANG_WARN_DEPRECATED_OBJC_IMPLEMENTATIONS = YES;
				CLANG_WARN_DIRECT_OBJC_ISA_USAGE = YES_ERROR;
				CLANG_WARN_DOCUMENTATION_COMMENTS = YES;
				CLANG_WARN_EMPTY_BODY = YES;
				CLANG_WARN_ENUM_CONVERSION = YES;
				CLANG_WARN_INFINITE_RECURSION = YES;
				CLANG_WARN_INT_CONVERSION = YES;
				CLANG_WARN_NON_LITERAL_NULL_CONVERSION = YES;
				CLANG_WARN_OBJC_IMPLICIT_RETAIN_SELF = YES;
				CLANG_WARN_OBJC_LITERAL_CONVERSION = YES;
				CLANG_WARN_OBJC_ROOT_CLASS = YES_ERROR;
				CLANG_WARN_QUOTED_INCLUDE_IN_FRAMEWORK_HEADER = YES;
				CLANG_WARN_RANGE_LOOP_ANALYSIS = YES;
				CLANG_WARN_STRICT_PROTOTYPES = YES;
				CLANG_WARN_SUSPICIOUS_MOVE = YES;
				CLANG_WARN_UNGUARDED_AVAILABILITY = YES_AGGRESSIVE;
				CLANG_WARN_UNREACHABLE_CODE = YES;
				CLANG_WARN__DUPLICATE_METHOD_MATCH = YES;
				COPY_PHASE_STRIP = NO;
				DEBUG_INFORMATION_FORMAT = "dwarf-with-dsym";
				ENABLE_NS_ASSERTIONS = NO;
				ENABLE_STRICT_OBJC_MSGSEND = YES;
				ENABLE_USER_SCRIPT_SANDBOXING = YES;
				GCC_C_LANGUAGE_STANDARD = gnu17;
				GCC_NO_COMMON_BLOCKS = YES;
				GCC_WARN_64_TO_32_BIT_CONVERSION = YES;
				GCC_WARN_ABOUT_RETURN_TYPE = YES_ERROR;
				GCC_WARN_UNDECLARED_SELECTOR = YES;
				GCC_WARN_UNINITIALIZED_AUTOS = YES_AGGRESSIVE;
				GCC_WARN_UNUSED_FUNCTION = YES;
				GCC_WARN_UNUSED_VARIABLE = YES;
				IPHONEOS_DEPLOYMENT_TARGET = 17.5;
				LOCALIZATION_PREFERS_STRING_CATALOGS = YES;
				MTL_ENABLE_DEBUG_INFO = NO;
				MTL_FAST_MATH = YES;
				SDKROOT = iphoneos;
				SWIFT_COMPILATION_MODE = wholemodule;
				VALIDATE_PRODUCT = YES;
			};
			name = Release;
		};
		9719948E2CDF65F600D543E9 /* Debug */ = {
			isa = XCBuildConfiguration;
			buildSettings = {
				ASSETCATALOG_COMPILER_APPICON_NAME = AppIcon;
				ASSETCATALOG_COMPILER_GLOBAL_ACCENT_COLOR_NAME = AccentColor;
				CODE_SIGN_STYLE = Automatic;
				CURRENT_PROJECT_VERSION = 1;
				DEVELOPMENT_ASSET_PATHS = "\"Jamitdam/Preview Content\"";
				ENABLE_PREVIEWS = YES;
				GENERATE_INFOPLIST_FILE = YES;
				INFOPLIST_KEY_UIApplicationSceneManifest_Generation = YES;
				INFOPLIST_KEY_UIApplicationSupportsIndirectInputEvents = YES;
				INFOPLIST_KEY_UILaunchScreen_Generation = YES;
				INFOPLIST_KEY_UISupportedInterfaceOrientations_iPad = "UIInterfaceOrientationPortrait UIInterfaceOrientationPortraitUpsideDown UIInterfaceOrientationLandscapeLeft UIInterfaceOrientationLandscapeRight";
				INFOPLIST_KEY_UISupportedInterfaceOrientations_iPhone = "UIInterfaceOrientationPortrait UIInterfaceOrientationLandscapeLeft UIInterfaceOrientationLandscapeRight";
				LD_RUNPATH_SEARCH_PATHS = (
					"$(inherited)",
					"@executable_path/Frameworks",
				);
				MARKETING_VERSION = 1.0;
				PRODUCT_BUNDLE_IDENTIFIER = sainbunbap.Jamitdam;
				PRODUCT_NAME = "$(TARGET_NAME)";
				SWIFT_EMIT_LOC_STRINGS = YES;
				SWIFT_VERSION = 5.0;
				TARGETED_DEVICE_FAMILY = "1,2";
			};
			name = Debug;
		};
		9719948F2CDF65F600D543E9 /* Release */ = {
			isa = XCBuildConfiguration;
			buildSettings = {
				ASSETCATALOG_COMPILER_APPICON_NAME = AppIcon;
				ASSETCATALOG_COMPILER_GLOBAL_ACCENT_COLOR_NAME = AccentColor;
				CODE_SIGN_STYLE = Automatic;
				CURRENT_PROJECT_VERSION = 1;
				DEVELOPMENT_ASSET_PATHS = "\"Jamitdam/Preview Content\"";
				ENABLE_PREVIEWS = YES;
				GENERATE_INFOPLIST_FILE = YES;
				INFOPLIST_KEY_UIApplicationSceneManifest_Generation = YES;
				INFOPLIST_KEY_UIApplicationSupportsIndirectInputEvents = YES;
				INFOPLIST_KEY_UILaunchScreen_Generation = YES;
				INFOPLIST_KEY_UISupportedInterfaceOrientations_iPad = "UIInterfaceOrientationPortrait UIInterfaceOrientationPortraitUpsideDown UIInterfaceOrientationLandscapeLeft UIInterfaceOrientationLandscapeRight";
				INFOPLIST_KEY_UISupportedInterfaceOrientations_iPhone = "UIInterfaceOrientationPortrait UIInterfaceOrientationLandscapeLeft UIInterfaceOrientationLandscapeRight";
				LD_RUNPATH_SEARCH_PATHS = (
					"$(inherited)",
					"@executable_path/Frameworks",
				);
				MARKETING_VERSION = 1.0;
				PRODUCT_BUNDLE_IDENTIFIER = sainbunbap.Jamitdam;
				PRODUCT_NAME = "$(TARGET_NAME)";
				SWIFT_EMIT_LOC_STRINGS = YES;
				SWIFT_VERSION = 5.0;
				TARGETED_DEVICE_FAMILY = "1,2";
			};
			name = Release;
		};
		971994912CDF65F600D543E9 /* Debug */ = {
			isa = XCBuildConfiguration;
			buildSettings = {
				ALWAYS_EMBED_SWIFT_STANDARD_LIBRARIES = YES;
				BUNDLE_LOADER = "$(TEST_HOST)";
				CODE_SIGN_STYLE = Automatic;
				CURRENT_PROJECT_VERSION = 1;
				GENERATE_INFOPLIST_FILE = YES;
				IPHONEOS_DEPLOYMENT_TARGET = 17.5;
				MARKETING_VERSION = 1.0;
				PRODUCT_BUNDLE_IDENTIFIER = sainbunbap.JamitdamTests;
				PRODUCT_NAME = "$(TARGET_NAME)";
				SWIFT_EMIT_LOC_STRINGS = NO;
				SWIFT_VERSION = 5.0;
				TARGETED_DEVICE_FAMILY = "1,2";
				TEST_HOST = "$(BUILT_PRODUCTS_DIR)/Jamitdam.app/$(BUNDLE_EXECUTABLE_FOLDER_PATH)/Jamitdam";
			};
			name = Debug;
		};
		971994922CDF65F600D543E9 /* Release */ = {
			isa = XCBuildConfiguration;
			buildSettings = {
				ALWAYS_EMBED_SWIFT_STANDARD_LIBRARIES = YES;
				BUNDLE_LOADER = "$(TEST_HOST)";
				CODE_SIGN_STYLE = Automatic;
				CURRENT_PROJECT_VERSION = 1;
				GENERATE_INFOPLIST_FILE = YES;
				IPHONEOS_DEPLOYMENT_TARGET = 17.5;
				MARKETING_VERSION = 1.0;
				PRODUCT_BUNDLE_IDENTIFIER = sainbunbap.JamitdamTests;
				PRODUCT_NAME = "$(TARGET_NAME)";
				SWIFT_EMIT_LOC_STRINGS = NO;
				SWIFT_VERSION = 5.0;
				TARGETED_DEVICE_FAMILY = "1,2";
				TEST_HOST = "$(BUILT_PRODUCTS_DIR)/Jamitdam.app/$(BUNDLE_EXECUTABLE_FOLDER_PATH)/Jamitdam";
			};
			name = Release;
		};
		971994942CDF65F600D543E9 /* Debug */ = {
			isa = XCBuildConfiguration;
			buildSettings = {
				ALWAYS_EMBED_SWIFT_STANDARD_LIBRARIES = YES;
				CODE_SIGN_STYLE = Automatic;
				CURRENT_PROJECT_VERSION = 1;
				GENERATE_INFOPLIST_FILE = YES;
				MARKETING_VERSION = 1.0;
				PRODUCT_BUNDLE_IDENTIFIER = sainbunbap.JamitdamUITests;
				PRODUCT_NAME = "$(TARGET_NAME)";
				SWIFT_EMIT_LOC_STRINGS = NO;
				SWIFT_VERSION = 5.0;
				TARGETED_DEVICE_FAMILY = "1,2";
				TEST_TARGET_NAME = Jamitdam;
			};
			name = Debug;
		};
		971994952CDF65F600D543E9 /* Release */ = {
			isa = XCBuildConfiguration;
			buildSettings = {
				ALWAYS_EMBED_SWIFT_STANDARD_LIBRARIES = YES;
				CODE_SIGN_STYLE = Automatic;
				CURRENT_PROJECT_VERSION = 1;
				GENERATE_INFOPLIST_FILE = YES;
				MARKETING_VERSION = 1.0;
				PRODUCT_BUNDLE_IDENTIFIER = sainbunbap.JamitdamUITests;
				PRODUCT_NAME = "$(TARGET_NAME)";
				SWIFT_EMIT_LOC_STRINGS = NO;
				SWIFT_VERSION = 5.0;
				TARGETED_DEVICE_FAMILY = "1,2";
				TEST_TARGET_NAME = Jamitdam;
			};
			name = Release;
		};
/* End XCBuildConfiguration section */

/* Begin XCConfigurationList section */
		971994642CDF65F400D543E9 /* Build configuration list for PBXProject "Jamitdam" */ = {
			isa = XCConfigurationList;
			buildConfigurations = (
				9719948B2CDF65F600D543E9 /* Debug */,
				9719948C2CDF65F600D543E9 /* Release */,
			);
			defaultConfigurationIsVisible = 0;
			defaultConfigurationName = Release;
		};
		9719948D2CDF65F600D543E9 /* Build configuration list for PBXNativeTarget "Jamitdam" */ = {
			isa = XCConfigurationList;
			buildConfigurations = (
				9719948E2CDF65F600D543E9 /* Debug */,
				9719948F2CDF65F600D543E9 /* Release */,
			);
			defaultConfigurationIsVisible = 0;
			defaultConfigurationName = Release;
		};
		971994902CDF65F600D543E9 /* Build configuration list for PBXNativeTarget "JamitdamTests" */ = {
			isa = XCConfigurationList;
			buildConfigurations = (
				971994912CDF65F600D543E9 /* Debug */,
				971994922CDF65F600D543E9 /* Release */,
			);
			defaultConfigurationIsVisible = 0;
			defaultConfigurationName = Release;
		};
		971994932CDF65F600D543E9 /* Build configuration list for PBXNativeTarget "JamitdamUITests" */ = {
			isa = XCConfigurationList;
			buildConfigurations = (
				971994942CDF65F600D543E9 /* Debug */,
				971994952CDF65F600D543E9 /* Release */,
			);
			defaultConfigurationIsVisible = 0;
			defaultConfigurationName = Release;
		};
/* End XCConfigurationList section */
	};
	rootObject = 971994612CDF65F400D543E9 /* Project object */;
}
