// !$*UTF8*$!
{
	archiveVersion = 1;
	classes = {
	};
	objectVersion = 70;
	objects = {

/* Begin PBXBuildFile section */
		8E5623E82CEC861E00EA0975 /* Relationship.swift in Sources */ = {isa = PBXBuildFile; fileRef = 8E5623E62CEC861E00EA0975 /* Relationship.swift */; };
		8E5623E92CEC861E00EA0975 /* Post.swift in Sources */ = {isa = PBXBuildFile; fileRef = 8E5623E52CEC861E00EA0975 /* Post.swift */; };
		8E5623EA2CEC861E00EA0975 /* User.swift in Sources */ = {isa = PBXBuildFile; fileRef = 8E5623E72CEC861E00EA0975 /* User.swift */; };
		8E5623EE2CEC868B00EA0975 /* JamitdamApp.swift in Sources */ = {isa = PBXBuildFile; fileRef = 8E5623ED2CEC868B00EA0975 /* JamitdamApp.swift */; };
		8E5623EF2CEC868B00EA0975 /* ContentView.swift in Sources */ = {isa = PBXBuildFile; fileRef = 8E5623EB2CEC868B00EA0975 /* ContentView.swift */; };
		8E5623F02CEC868B00EA0975 /* CreateJam.swift in Sources */ = {isa = PBXBuildFile; fileRef = 8E5623EC2CEC868B00EA0975 /* CreateJam.swift */; };
/* End PBXBuildFile section */

/* Begin PBXContainerItemProxy section */
		971A0B972CD9D32900A2BF5E /* PBXContainerItemProxy */ = {
			isa = PBXContainerItemProxy;
			containerPortal = 971A0B7E2CD9D32700A2BF5E /* Project object */;
			proxyType = 1;
			remoteGlobalIDString = 971A0B852CD9D32700A2BF5E;
			remoteInfo = Jamitdam;
		};
		971A0BA12CD9D32900A2BF5E /* PBXContainerItemProxy */ = {
			isa = PBXContainerItemProxy;
			containerPortal = 971A0B7E2CD9D32700A2BF5E /* Project object */;
			proxyType = 1;
			remoteGlobalIDString = 971A0B852CD9D32700A2BF5E;
			remoteInfo = Jamitdam;
		};
/* End PBXContainerItemProxy section */

/* Begin PBXFileReference section */
		8E5623E52CEC861E00EA0975 /* Post.swift */ = {isa = PBXFileReference; lastKnownFileType = sourcecode.swift; path = Post.swift; sourceTree = "<group>"; };
		8E5623E62CEC861E00EA0975 /* Relationship.swift */ = {isa = PBXFileReference; lastKnownFileType = sourcecode.swift; path = Relationship.swift; sourceTree = "<group>"; };
		8E5623E72CEC861E00EA0975 /* User.swift */ = {isa = PBXFileReference; lastKnownFileType = sourcecode.swift; path = User.swift; sourceTree = "<group>"; };
		8E5623EB2CEC868B00EA0975 /* ContentView.swift */ = {isa = PBXFileReference; lastKnownFileType = sourcecode.swift; path = ContentView.swift; sourceTree = "<group>"; };
		8E5623EC2CEC868B00EA0975 /* CreateJam.swift */ = {isa = PBXFileReference; lastKnownFileType = sourcecode.swift; path = CreateJam.swift; sourceTree = "<group>"; };
		8E5623ED2CEC868B00EA0975 /* JamitdamApp.swift */ = {isa = PBXFileReference; lastKnownFileType = sourcecode.swift; path = JamitdamApp.swift; sourceTree = "<group>"; };
/* End PBXFileReference section */

/* Begin PBXFileSystemSynchronizedRootGroup section */
		8E9237DD2CDB123A00301FE8 /* View */ = {isa = PBXFileSystemSynchronizedRootGroup; explicitFileTypes = {}; explicitFolders = (); path = View; sourceTree = "<group>"; };
/* End PBXFileSystemSynchronizedRootGroup section */

/* Begin PBXFrameworksBuildPhase section */
		971A0B832CD9D32700A2BF5E /* Frameworks */ = {
			isa = PBXFrameworksBuildPhase;
			buildActionMask = 2147483647;
			files = (
			);
			runOnlyForDeploymentPostprocessing = 0;
		};
		971A0B932CD9D32900A2BF5E /* Frameworks */ = {
			isa = PBXFrameworksBuildPhase;
			buildActionMask = 2147483647;
			files = (
			);
			runOnlyForDeploymentPostprocessing = 0;
		};
		971A0B9D2CD9D32900A2BF5E /* Frameworks */ = {
			isa = PBXFrameworksBuildPhase;
			buildActionMask = 2147483647;
			files = (
			);
			runOnlyForDeploymentPostprocessing = 0;
		};
/* End PBXFrameworksBuildPhase section */

/* Begin PBXGroup section */
		8E7916B82CDA202700535605 /* Model */ = {
			isa = PBXGroup;
			children = (
				8E5623E52CEC861E00EA0975 /* Post.swift */,
				8E5623E62CEC861E00EA0975 /* Relationship.swift */,
				8E5623E72CEC861E00EA0975 /* User.swift */,
			);
			path = Model;
			sourceTree = "<group>";
		};
		971A0B7D2CD9D32700A2BF5E = {
			isa = PBXGroup;
			children = (
				971A0B882CD9D32700A2BF5E /* Jamitdam */,
				971A0BA32CD9D32900A2BF5E /* JamitdamUITests */,
				971A0B872CD9D32700A2BF5E /* JamitdamUITests */,
			);
			sourceTree = "<group>";
		};
		971A0B872CD9D32700A2BF5E /* JamitdamUITests */ = {
			isa = PBXGroup;
			children = (
			);
			path = JamitdamUITests;
			sourceTree = "<group>";
		};
		971A0B882CD9D32700A2BF5E /* Jamitdam */ = {
			isa = PBXGroup;
			children = (
				8E5623EB2CEC868B00EA0975 /* ContentView.swift */,
				8E5623EC2CEC868B00EA0975 /* CreateJam.swift */,
				8E5623ED2CEC868B00EA0975 /* JamitdamApp.swift */,
				8E9237DD2CDB123A00301FE8 /* View */,
				8E7916B82CDA202700535605 /* Model */,
			);
			path = Jamitdam;
			sourceTree = "<group>";
		};
		971A0BA32CD9D32900A2BF5E /* JamitdamUITests */ = {
			isa = PBXGroup;
			children = (
			);
			path = JamitdamUITests;
			sourceTree = "<group>";
		};
/* End PBXGroup section */

/* Begin PBXNativeTarget section */
		971A0B852CD9D32700A2BF5E /* Jamitdam */ = {
			isa = PBXNativeTarget;
			buildConfigurationList = 971A0BAA2CD9D32900A2BF5E /* Build configuration list for PBXNativeTarget "Jamitdam" */;
			buildPhases = (
				971A0B822CD9D32700A2BF5E /* Sources */,
				971A0B832CD9D32700A2BF5E /* Frameworks */,
				971A0B842CD9D32700A2BF5E /* Resources */,
			);
			buildRules = (
			);
			dependencies = (
			);
			fileSystemSynchronizedGroups = (
				8E9237DD2CDB123A00301FE8 /* View */,
			);
			name = Jamitdam;
			productName = Jamitdam;
			productType = "com.apple.product-type.application";
		};
		971A0B952CD9D32900A2BF5E /* JamitdamTests */ = {
			isa = PBXNativeTarget;
			buildConfigurationList = 971A0BAD2CD9D32900A2BF5E /* Build configuration list for PBXNativeTarget "JamitdamTests" */;
			buildPhases = (
				971A0B922CD9D32900A2BF5E /* Sources */,
				971A0B932CD9D32900A2BF5E /* Frameworks */,
				971A0B942CD9D32900A2BF5E /* Resources */,
			);
			buildRules = (
			);
			dependencies = (
				971A0B982CD9D32900A2BF5E /* PBXTargetDependency */,
			);
			name = JamitdamTests;
			productName = JamitdamTests;
			productType = "com.apple.product-type.bundle.unit-test";
		};
		971A0B9F2CD9D32900A2BF5E /* JamitdamUITests */ = {
			isa = PBXNativeTarget;
			buildConfigurationList = 971A0BB02CD9D32900A2BF5E /* Build configuration list for PBXNativeTarget "JamitdamUITests" */;
			buildPhases = (
				971A0B9C2CD9D32900A2BF5E /* Sources */,
				971A0B9D2CD9D32900A2BF5E /* Frameworks */,
				971A0B9E2CD9D32900A2BF5E /* Resources */,
			);
			buildRules = (
			);
			dependencies = (
				971A0BA22CD9D32900A2BF5E /* PBXTargetDependency */,
			);
			name = JamitdamUITests;
			productName = JamitdamUITests;
			productType = "com.apple.product-type.bundle.ui-testing";
		};
/* End PBXNativeTarget section */

/* Begin PBXProject section */
		971A0B7E2CD9D32700A2BF5E /* Project object */ = {
			isa = PBXProject;
			attributes = {
				BuildIndependentTargetsInParallel = 1;
				LastSwiftUpdateCheck = 1540;
				LastUpgradeCheck = 1540;
				TargetAttributes = {
					971A0B852CD9D32700A2BF5E = {
						CreatedOnToolsVersion = 15.4;
					};
					971A0B952CD9D32900A2BF5E = {
						CreatedOnToolsVersion = 15.4;
						TestTargetID = 971A0B852CD9D32700A2BF5E;
					};
					971A0B9F2CD9D32900A2BF5E = {
						CreatedOnToolsVersion = 15.4;
						TestTargetID = 971A0B852CD9D32700A2BF5E;
					};
				};
			};
			buildConfigurationList = 971A0B812CD9D32700A2BF5E /* Build configuration list for PBXProject "Jamitdam" */;
			compatibilityVersion = "Xcode 14.0";
			developmentRegion = en;
			hasScannedForEncodings = 0;
			knownRegions = (
				en,
				Base,
			);
			mainGroup = 971A0B7D2CD9D32700A2BF5E;
			productRefGroup = 971A0B872CD9D32700A2BF5E /* JamitdamUITests */;
			projectDirPath = "";
			projectRoot = "";
			targets = (
				971A0B852CD9D32700A2BF5E /* Jamitdam */,
				971A0B952CD9D32900A2BF5E /* JamitdamTests */,
				971A0B9F2CD9D32900A2BF5E /* JamitdamUITests */,
			);
		};
/* End PBXProject section */

/* Begin PBXResourcesBuildPhase section */
		971A0B842CD9D32700A2BF5E /* Resources */ = {
			isa = PBXResourcesBuildPhase;
			buildActionMask = 2147483647;
			files = (
			);
			runOnlyForDeploymentPostprocessing = 0;
		};
		971A0B942CD9D32900A2BF5E /* Resources */ = {
			isa = PBXResourcesBuildPhase;
			buildActionMask = 2147483647;
			files = (
			);
			runOnlyForDeploymentPostprocessing = 0;
		};
		971A0B9E2CD9D32900A2BF5E /* Resources */ = {
			isa = PBXResourcesBuildPhase;
			buildActionMask = 2147483647;
			files = (
			);
			runOnlyForDeploymentPostprocessing = 0;
		};
/* End PBXResourcesBuildPhase section */

/* Begin PBXSourcesBuildPhase section */
		971A0B822CD9D32700A2BF5E /* Sources */ = {
			isa = PBXSourcesBuildPhase;
			buildActionMask = 2147483647;
			files = (
				8E5623E82CEC861E00EA0975 /* Relationship.swift in Sources */,
				8E5623E92CEC861E00EA0975 /* Post.swift in Sources */,
				8E5623EE2CEC868B00EA0975 /* JamitdamApp.swift in Sources */,
				8E5623EF2CEC868B00EA0975 /* ContentView.swift in Sources */,
				8E5623F02CEC868B00EA0975 /* CreateJam.swift in Sources */,
				8E5623EA2CEC861E00EA0975 /* User.swift in Sources */,
			);
			runOnlyForDeploymentPostprocessing = 0;
		};
		971A0B922CD9D32900A2BF5E /* Sources */ = {
			isa = PBXSourcesBuildPhase;
			buildActionMask = 2147483647;
			files = (
			);
			runOnlyForDeploymentPostprocessing = 0;
		};
		971A0B9C2CD9D32900A2BF5E /* Sources */ = {
			isa = PBXSourcesBuildPhase;
			buildActionMask = 2147483647;
			files = (
			);
			runOnlyForDeploymentPostprocessing = 0;
		};
/* End PBXSourcesBuildPhase section */

/* Begin PBXTargetDependency section */
		971A0B982CD9D32900A2BF5E /* PBXTargetDependency */ = {
			isa = PBXTargetDependency;
			target = 971A0B852CD9D32700A2BF5E /* Jamitdam */;
			targetProxy = 971A0B972CD9D32900A2BF5E /* PBXContainerItemProxy */;
		};
		971A0BA22CD9D32900A2BF5E /* PBXTargetDependency */ = {
			isa = PBXTargetDependency;
			target = 971A0B852CD9D32700A2BF5E /* Jamitdam */;
			targetProxy = 971A0BA12CD9D32900A2BF5E /* PBXContainerItemProxy */;
		};
/* End PBXTargetDependency section */

/* Begin XCBuildConfiguration section */
		971A0BA82CD9D32900A2BF5E /* Debug */ = {
			isa = XCBuildConfiguration;
			buildSettings = {
				ALWAYS_SEARCH_USER_PATHS = NO;
				ASSETCATALOG_COMPILER_GENERATE_SWIFT_ASSET_SYMBOL_EXTENSIONS = YES;
				CLANG_ANALYZER_NONNULL = YES;
				CLANG_ANALYZER_NUMBER_OBJECT_CONVERSION = YES_AGGRESSIVE;
				CLANG_CXX_LANGUAGE_STANDARD = "gnu++20";
				CLANG_ENABLE_MODULES = YES;
				CLANG_ENABLE_OBJC_ARC = YES;
				CLANG_ENABLE_OBJC_WEAK = YES;
				CLANG_WARN_BLOCK_CAPTURE_AUTORELEASING = YES;
				CLANG_WARN_BOOL_CONVERSION = YES;
				CLANG_WARN_COMMA = YES;
				CLANG_WARN_CONSTANT_CONVERSION = YES;
				CLANG_WARN_DEPRECATED_OBJC_IMPLEMENTATIONS = YES;
				CLANG_WARN_DIRECT_OBJC_ISA_USAGE = YES_ERROR;
				CLANG_WARN_DOCUMENTATION_COMMENTS = YES;
				CLANG_WARN_EMPTY_BODY = YES;
				CLANG_WARN_ENUM_CONVERSION = YES;
				CLANG_WARN_INFINITE_RECURSION = YES;
				CLANG_WARN_INT_CONVERSION = YES;
				CLANG_WARN_NON_LITERAL_NULL_CONVERSION = YES;
				CLANG_WARN_OBJC_IMPLICIT_RETAIN_SELF = YES;
				CLANG_WARN_OBJC_LITERAL_CONVERSION = YES;
				CLANG_WARN_OBJC_ROOT_CLASS = YES_ERROR;
				CLANG_WARN_QUOTED_INCLUDE_IN_FRAMEWORK_HEADER = YES;
				CLANG_WARN_RANGE_LOOP_ANALYSIS = YES;
				CLANG_WARN_STRICT_PROTOTYPES = YES;
				CLANG_WARN_SUSPICIOUS_MOVE = YES;
				CLANG_WARN_UNGUARDED_AVAILABILITY = YES_AGGRESSIVE;
				CLANG_WARN_UNREACHABLE_CODE = YES;
				CLANG_WARN__DUPLICATE_METHOD_MATCH = YES;
				COPY_PHASE_STRIP = NO;
				DEBUG_INFORMATION_FORMAT = dwarf;
				ENABLE_STRICT_OBJC_MSGSEND = YES;
				ENABLE_TESTABILITY = YES;
				ENABLE_USER_SCRIPT_SANDBOXING = YES;
				GCC_C_LANGUAGE_STANDARD = gnu17;
				GCC_DYNAMIC_NO_PIC = NO;
				GCC_NO_COMMON_BLOCKS = YES;
				GCC_OPTIMIZATION_LEVEL = 0;
				GCC_PREPROCESSOR_DEFINITIONS = (
					"DEBUG=1",
					"$(inherited)",
				);
				GCC_WARN_64_TO_32_BIT_CONVERSION = YES;
				GCC_WARN_ABOUT_RETURN_TYPE = YES_ERROR;
				GCC_WARN_UNDECLARED_SELECTOR = YES;
				GCC_WARN_UNINITIALIZED_AUTOS = YES_AGGRESSIVE;
				GCC_WARN_UNUSED_FUNCTION = YES;
				GCC_WARN_UNUSED_VARIABLE = YES;
				IPHONEOS_DEPLOYMENT_TARGET = 17.5;
				LOCALIZATION_PREFERS_STRING_CATALOGS = YES;
				MTL_ENABLE_DEBUG_INFO = INCLUDE_SOURCE;
				MTL_FAST_MATH = YES;
				ONLY_ACTIVE_ARCH = YES;
				SDKROOT = iphoneos;
				SWIFT_ACTIVE_COMPILATION_CONDITIONS = "DEBUG $(inherited)";
				SWIFT_OPTIMIZATION_LEVEL = "-Onone";
			};
			name = Debug;
		};
		971A0BA92CD9D32900A2BF5E /* Release */ = {
			isa = XCBuildConfiguration;
			buildSettings = {
				ALWAYS_SEARCH_USER_PATHS = NO;
				ASSETCATALOG_COMPILER_GENERATE_SWIFT_ASSET_SYMBOL_EXTENSIONS = YES;
				CLANG_ANALYZER_NONNULL = YES;
				CLANG_ANALYZER_NUMBER_OBJECT_CONVERSION = YES_AGGRESSIVE;
				CLANG_CXX_LANGUAGE_STANDARD = "gnu++20";
				CLANG_ENABLE_MODULES = YES;
				CLANG_ENABLE_OBJC_ARC = YES;
				CLANG_ENABLE_OBJC_WEAK = YES;
				CLANG_WARN_BLOCK_CAPTURE_AUTORELEASING = YES;
				CLANG_WARN_BOOL_CONVERSION = YES;
				CLANG_WARN_COMMA = YES;
				CLANG_WARN_CONSTANT_CONVERSION = YES;
				CLANG_WARN_DEPRECATED_OBJC_IMPLEMENTATIONS = YES;
				CLANG_WARN_DIRECT_OBJC_ISA_USAGE = YES_ERROR;
				CLANG_WARN_DOCUMENTATION_COMMENTS = YES;
				CLANG_WARN_EMPTY_BODY = YES;
				CLANG_WARN_ENUM_CONVERSION = YES;
				CLANG_WARN_INFINITE_RECURSION = YES;
				CLANG_WARN_INT_CONVERSION = YES;
				CLANG_WARN_NON_LITERAL_NULL_CONVERSION = YES;
				CLANG_WARN_OBJC_IMPLICIT_RETAIN_SELF = YES;
				CLANG_WARN_OBJC_LITERAL_CONVERSION = YES;
				CLANG_WARN_OBJC_ROOT_CLASS = YES_ERROR;
				CLANG_WARN_QUOTED_INCLUDE_IN_FRAMEWORK_HEADER = YES;
				CLANG_WARN_RANGE_LOOP_ANALYSIS = YES;
				CLANG_WARN_STRICT_PROTOTYPES = YES;
				CLANG_WARN_SUSPICIOUS_MOVE = YES;
				CLANG_WARN_UNGUARDED_AVAILABILITY = YES_AGGRESSIVE;
				CLANG_WARN_UNREACHABLE_CODE = YES;
				CLANG_WARN__DUPLICATE_METHOD_MATCH = YES;
				COPY_PHASE_STRIP = NO;
				DEBUG_INFORMATION_FORMAT = "dwarf-with-dsym";
				ENABLE_NS_ASSERTIONS = NO;
				ENABLE_STRICT_OBJC_MSGSEND = YES;
				ENABLE_USER_SCRIPT_SANDBOXING = YES;
				GCC_C_LANGUAGE_STANDARD = gnu17;
				GCC_NO_COMMON_BLOCKS = YES;
				GCC_WARN_64_TO_32_BIT_CONVERSION = YES;
				GCC_WARN_ABOUT_RETURN_TYPE = YES_ERROR;
				GCC_WARN_UNDECLARED_SELECTOR = YES;
				GCC_WARN_UNINITIALIZED_AUTOS = YES_AGGRESSIVE;
				GCC_WARN_UNUSED_FUNCTION = YES;
				GCC_WARN_UNUSED_VARIABLE = YES;
				IPHONEOS_DEPLOYMENT_TARGET = 17.5;
				LOCALIZATION_PREFERS_STRING_CATALOGS = YES;
				MTL_ENABLE_DEBUG_INFO = NO;
				MTL_FAST_MATH = YES;
				SDKROOT = iphoneos;
				SWIFT_COMPILATION_MODE = wholemodule;
				VALIDATE_PRODUCT = YES;
			};
			name = Release;
		};
		971A0BAB2CD9D32900A2BF5E /* Debug */ = {
			isa = XCBuildConfiguration;
			buildSettings = {
				ASSETCATALOG_COMPILER_APPICON_NAME = AppIcon;
				ASSETCATALOG_COMPILER_GLOBAL_ACCENT_COLOR_NAME = AccentColor;
				CODE_SIGN_STYLE = Automatic;
				CURRENT_PROJECT_VERSION = 1;
				DEVELOPMENT_ASSET_PATHS = "\"Jamitdam/Preview Content\"";
				ENABLE_PREVIEWS = YES;
				GENERATE_INFOPLIST_FILE = YES;
				INFOPLIST_KEY_UIApplicationSceneManifest_Generation = YES;
				INFOPLIST_KEY_UIApplicationSupportsIndirectInputEvents = YES;
				INFOPLIST_KEY_UILaunchScreen_Generation = YES;
				INFOPLIST_KEY_UISupportedInterfaceOrientations_iPad = "UIInterfaceOrientationPortrait UIInterfaceOrientationPortraitUpsideDown UIInterfaceOrientationLandscapeLeft UIInterfaceOrientationLandscapeRight";
				INFOPLIST_KEY_UISupportedInterfaceOrientations_iPhone = "UIInterfaceOrientationPortrait UIInterfaceOrientationLandscapeLeft UIInterfaceOrientationLandscapeRight";
				LD_RUNPATH_SEARCH_PATHS = (
					"$(inherited)",
					"@executable_path/Frameworks",
				);
				MARKETING_VERSION = 1.0;
				PRODUCT_BUNDLE_IDENTIFIER = sainbunbap.Jamitdam;
				PRODUCT_NAME = "$(TARGET_NAME)";
				SWIFT_EMIT_LOC_STRINGS = YES;
				SWIFT_VERSION = 5.0;
				TARGETED_DEVICE_FAMILY = "1,2";
			};
			name = Debug;
		};
		971A0BAC2CD9D32900A2BF5E /* Release */ = {
			isa = XCBuildConfiguration;
			buildSettings = {
				ASSETCATALOG_COMPILER_APPICON_NAME = AppIcon;
				ASSETCATALOG_COMPILER_GLOBAL_ACCENT_COLOR_NAME = AccentColor;
				CODE_SIGN_STYLE = Automatic;
				CURRENT_PROJECT_VERSION = 1;
				DEVELOPMENT_ASSET_PATHS = "\"Jamitdam/Preview Content\"";
				ENABLE_PREVIEWS = YES;
				GENERATE_INFOPLIST_FILE = YES;
				INFOPLIST_KEY_UIApplicationSceneManifest_Generation = YES;
				INFOPLIST_KEY_UIApplicationSupportsIndirectInputEvents = YES;
				INFOPLIST_KEY_UILaunchScreen_Generation = YES;
				INFOPLIST_KEY_UISupportedInterfaceOrientations_iPad = "UIInterfaceOrientationPortrait UIInterfaceOrientationPortraitUpsideDown UIInterfaceOrientationLandscapeLeft UIInterfaceOrientationLandscapeRight";
				INFOPLIST_KEY_UISupportedInterfaceOrientations_iPhone = "UIInterfaceOrientationPortrait UIInterfaceOrientationLandscapeLeft UIInterfaceOrientationLandscapeRight";
				LD_RUNPATH_SEARCH_PATHS = (
					"$(inherited)",
					"@executable_path/Frameworks",
				);
				MARKETING_VERSION = 1.0;
				PRODUCT_BUNDLE_IDENTIFIER = sainbunbap.Jamitdam;
				PRODUCT_NAME = "$(TARGET_NAME)";
				SWIFT_EMIT_LOC_STRINGS = YES;
				SWIFT_VERSION = 5.0;
				TARGETED_DEVICE_FAMILY = "1,2";
			};
			name = Release;
		};
		971A0BAE2CD9D32900A2BF5E /* Debug */ = {
			isa = XCBuildConfiguration;
			buildSettings = {
				ALWAYS_EMBED_SWIFT_STANDARD_LIBRARIES = YES;
				BUNDLE_LOADER = "$(TEST_HOST)";
				CODE_SIGN_STYLE = Automatic;
				CURRENT_PROJECT_VERSION = 1;
				GENERATE_INFOPLIST_FILE = YES;
				IPHONEOS_DEPLOYMENT_TARGET = 17.5;
				MARKETING_VERSION = 1.0;
				PRODUCT_BUNDLE_IDENTIFIER = sainbunbap.JamitdamTests;
				PRODUCT_NAME = "$(TARGET_NAME)";
				SWIFT_EMIT_LOC_STRINGS = NO;
				SWIFT_VERSION = 5.0;
				TARGETED_DEVICE_FAMILY = "1,2";
				TEST_HOST = "$(BUILT_PRODUCTS_DIR)/Jamitdam.app/$(BUNDLE_EXECUTABLE_FOLDER_PATH)/Jamitdam";
			};
			name = Debug;
		};
		971A0BAF2CD9D32900A2BF5E /* Release */ = {
			isa = XCBuildConfiguration;
			buildSettings = {
				ALWAYS_EMBED_SWIFT_STANDARD_LIBRARIES = YES;
				BUNDLE_LOADER = "$(TEST_HOST)";
				CODE_SIGN_STYLE = Automatic;
				CURRENT_PROJECT_VERSION = 1;
				GENERATE_INFOPLIST_FILE = YES;
				IPHONEOS_DEPLOYMENT_TARGET = 17.5;
				MARKETING_VERSION = 1.0;
				PRODUCT_BUNDLE_IDENTIFIER = sainbunbap.JamitdamTests;
				PRODUCT_NAME = "$(TARGET_NAME)";
				SWIFT_EMIT_LOC_STRINGS = NO;
				SWIFT_VERSION = 5.0;
				TARGETED_DEVICE_FAMILY = "1,2";
				TEST_HOST = "$(BUILT_PRODUCTS_DIR)/Jamitdam.app/$(BUNDLE_EXECUTABLE_FOLDER_PATH)/Jamitdam";
			};
			name = Release;
		};
		971A0BB12CD9D32900A2BF5E /* Debug */ = {
			isa = XCBuildConfiguration;
			buildSettings = {
				ALWAYS_EMBED_SWIFT_STANDARD_LIBRARIES = YES;
				CODE_SIGN_STYLE = Automatic;
				CURRENT_PROJECT_VERSION = 1;
				GENERATE_INFOPLIST_FILE = YES;
				MARKETING_VERSION = 1.0;
				PRODUCT_BUNDLE_IDENTIFIER = sainbunbap.JamitdamUITests;
				PRODUCT_NAME = "$(TARGET_NAME)";
				SWIFT_EMIT_LOC_STRINGS = NO;
				SWIFT_VERSION = 5.0;
				TARGETED_DEVICE_FAMILY = "1,2";
				TEST_TARGET_NAME = Jamitdam;
			};
			name = Debug;
		};
		971A0BB22CD9D32900A2BF5E /* Release */ = {
			isa = XCBuildConfiguration;
			buildSettings = {
				ALWAYS_EMBED_SWIFT_STANDARD_LIBRARIES = YES;
				CODE_SIGN_STYLE = Automatic;
				CURRENT_PROJECT_VERSION = 1;
				GENERATE_INFOPLIST_FILE = YES;
				MARKETING_VERSION = 1.0;
				PRODUCT_BUNDLE_IDENTIFIER = sainbunbap.JamitdamUITests;
				PRODUCT_NAME = "$(TARGET_NAME)";
				SWIFT_EMIT_LOC_STRINGS = NO;
				SWIFT_VERSION = 5.0;
				TARGETED_DEVICE_FAMILY = "1,2";
				TEST_TARGET_NAME = Jamitdam;
			};
			name = Release;
		};
/* End XCBuildConfiguration section */

/* Begin XCConfigurationList section */
		971A0B812CD9D32700A2BF5E /* Build configuration list for PBXProject "Jamitdam" */ = {
			isa = XCConfigurationList;
			buildConfigurations = (
				971A0BA82CD9D32900A2BF5E /* Debug */,
				971A0BA92CD9D32900A2BF5E /* Release */,
			);
			defaultConfigurationIsVisible = 0;
			defaultConfigurationName = Release;
		};
		971A0BAA2CD9D32900A2BF5E /* Build configuration list for PBXNativeTarget "Jamitdam" */ = {
			isa = XCConfigurationList;
			buildConfigurations = (
				971A0BAB2CD9D32900A2BF5E /* Debug */,
				971A0BAC2CD9D32900A2BF5E /* Release */,
			);
			defaultConfigurationIsVisible = 0;
			defaultConfigurationName = Release;
		};
		971A0BAD2CD9D32900A2BF5E /* Build configuration list for PBXNativeTarget "JamitdamTests" */ = {
			isa = XCConfigurationList;
			buildConfigurations = (
				971A0BAE2CD9D32900A2BF5E /* Debug */,
				971A0BAF2CD9D32900A2BF5E /* Release */,
			);
			defaultConfigurationIsVisible = 0;
			defaultConfigurationName = Release;
		};
		971A0BB02CD9D32900A2BF5E /* Build configuration list for PBXNativeTarget "JamitdamUITests" */ = {
			isa = XCConfigurationList;
			buildConfigurations = (
				971A0BB12CD9D32900A2BF5E /* Debug */,
				971A0BB22CD9D32900A2BF5E /* Release */,
			);
			defaultConfigurationIsVisible = 0;
			defaultConfigurationName = Release;
		};
/* End XCConfigurationList section */
	};
	rootObject = 971A0B7E2CD9D32700A2BF5E /* Project object */;
}
